
Microsoft Visual Studio Solution File, Format Version 12.00
# Visual Studio Version 17
VisualStudioVersion = 17.0.31903.59
MinimumVisualStudioVersion = 10.0.40219.1
Project("{2150E333-8FDC-42A3-9474-1A3956D46DE8}") = "src", "src", "{0109CBCB-36D8-4624-8A86-98CF3042CED8}"
EndProject
Project("{2150E333-8FDC-42A3-9474-1A3956D46DE8}") = "Lionheart.Application", "Lionheart.Application", "{D2C644DC-9E3E-41BF-8473-F11C1CB6237A}"
EndProject
Project("{9A19103F-16F7-4668-BE54-9A1E7A4F7556}") = "Lionheart.Application", "src\Lionheart.Application\src\Lionheart.Application.csproj", "{9FF8B1A8-6EF0-411D-9109-D65BA05EABA1}"
EndProject
Project("{2150E333-8FDC-42A3-9474-1A3956D46DE8}") = "Lionheart.Core", "Lionheart.Core", "{D0DF9941-0258-47FD-9FD3-973AF84A04C0}"
EndProject
Project("{9A19103F-16F7-4668-BE54-9A1E7A4F7556}") = "Lionheart.Core", "src\Lionheart.Core\src\Lionheart.Core.csproj", "{E660C2A0-63BB-4373-9BE5-9442629C5AFE}"
EndProject
Project("{2150E333-8FDC-42A3-9474-1A3956D46DE8}") = "Lionheart.EntityModels", "Lionheart.EntityModels", "{A0D735D7-F2F0-4859-A715-01CAFEB36A23}"
EndProject
Project("{9A19103F-16F7-4668-BE54-9A1E7A4F7556}") = "Lionheart.EntityModels", "src\Lionheart.EntityModels\src\Lionheart.EntityModels.csproj", "{A2CD36CA-AFBE-450A-A392-63CD066B3C8A}"
EndProject
Project("{2150E333-8FDC-42A3-9474-1A3956D46DE8}") = "Lionheart.Repositories", "Lionheart.Repositories", "{3816B950-22C6-47EE-AB0D-2EB7716FCED0}"
EndProject
Project("{9A19103F-16F7-4668-BE54-9A1E7A4F7556}") = "Lionheart.Repositories", "src\Lionheart.Repositories\src\Lionheart.Repositories.csproj", "{A93B357D-E884-4C4C-B8B7-C3E23CAA6D46}"
EndProject
Project("{2150E333-8FDC-42A3-9474-1A3956D46DE8}") = "Lionheart.Pipeline", "Lionheart.Pipeline", "{431C0F33-D539-4CAC-97D2-7EE6AA8DFC81}"
EndProject
Project("{9A19103F-16F7-4668-BE54-9A1E7A4F7556}") = "Lionheart.Pipeline", "src\Lionheart.Pipeline\src\Lionheart.Pipeline.csproj", "{8629F60B-F0FA-41BE-9107-75D0E84C1FEC}"
EndProject
Project("{9A19103F-16F7-4668-BE54-9A1E7A4F7556}") = "Lionheart.Pipeline.Test", "src\Lionheart.Pipeline\test\Lionheart.Pipeline.Test.csproj", "{0B1C54F2-8EBE-4F9D-849B-3DA963FCA6B6}"
EndProject
Project("{2150E333-8FDC-42A3-9474-1A3956D46DE8}") = "Lionheart.Pipeline.Extractors", "Lionheart.Pipeline.Extractors", "{2B44EB6D-416A-46AD-8700-E4A8A5405895}"
EndProject
Project("{9A19103F-16F7-4668-BE54-9A1E7A4F7556}") = "Lionheart.Pipeline.Extractors.Test", "src\Lionheart.Pipeline.Extractors\test\Lionheart.Pipeline.Extractors.Test.csproj", "{28185C9A-EE5B-47B1-BF37-440254EE1B71}"
EndProject
Project("{9A19103F-16F7-4668-BE54-9A1E7A4F7556}") = "Lionheart.Pipeline.Extractors", "src\Lionheart.Pipeline.Extractors\src\Lionheart.Pipeline.Extractors.csproj", "{D3CFF0DC-C9BF-43CE-B573-9AD67E5F75A0}"
EndProject
Project("{FAE04EC0-301F-11D3-BF4B-00C04F79EFBC}") = "Lionheart.Core.Test", "src\Lionheart.Core\test\Lionheart.Core.Test.csproj", "{1E1951F7-92A5-4731-83B8-FF64B5B8FDFD}"
EndProject
Global
	GlobalSection(SolutionConfigurationPlatforms) = preSolution
		Debug|Any CPU = Debug|Any CPU
		Release|Any CPU = Release|Any CPU
	EndGlobalSection
	GlobalSection(ProjectConfigurationPlatforms) = postSolution
		{9FF8B1A8-6EF0-411D-9109-D65BA05EABA1}.Debug|Any CPU.ActiveCfg = Debug|Any CPU
		{9FF8B1A8-6EF0-411D-9109-D65BA05EABA1}.Debug|Any CPU.Build.0 = Debug|Any CPU
		{9FF8B1A8-6EF0-411D-9109-D65BA05EABA1}.Release|Any CPU.ActiveCfg = Release|Any CPU
		{9FF8B1A8-6EF0-411D-9109-D65BA05EABA1}.Release|Any CPU.Build.0 = Release|Any CPU
		{E660C2A0-63BB-4373-9BE5-9442629C5AFE}.Debug|Any CPU.ActiveCfg = Debug|Any CPU
		{E660C2A0-63BB-4373-9BE5-9442629C5AFE}.Debug|Any CPU.Build.0 = Debug|Any CPU
		{E660C2A0-63BB-4373-9BE5-9442629C5AFE}.Release|Any CPU.ActiveCfg = Release|Any CPU
		{E660C2A0-63BB-4373-9BE5-9442629C5AFE}.Release|Any CPU.Build.0 = Release|Any CPU
		{A2CD36CA-AFBE-450A-A392-63CD066B3C8A}.Debug|Any CPU.ActiveCfg = Debug|Any CPU
		{A2CD36CA-AFBE-450A-A392-63CD066B3C8A}.Debug|Any CPU.Build.0 = Debug|Any CPU
		{A2CD36CA-AFBE-450A-A392-63CD066B3C8A}.Release|Any CPU.ActiveCfg = Release|Any CPU
		{A2CD36CA-AFBE-450A-A392-63CD066B3C8A}.Release|Any CPU.Build.0 = Release|Any CPU
		{A93B357D-E884-4C4C-B8B7-C3E23CAA6D46}.Debug|Any CPU.ActiveCfg = Debug|Any CPU
		{A93B357D-E884-4C4C-B8B7-C3E23CAA6D46}.Debug|Any CPU.Build.0 = Debug|Any CPU
		{A93B357D-E884-4C4C-B8B7-C3E23CAA6D46}.Release|Any CPU.ActiveCfg = Release|Any CPU
		{A93B357D-E884-4C4C-B8B7-C3E23CAA6D46}.Release|Any CPU.Build.0 = Release|Any CPU
		{8629F60B-F0FA-41BE-9107-75D0E84C1FEC}.Debug|Any CPU.ActiveCfg = Debug|Any CPU
		{8629F60B-F0FA-41BE-9107-75D0E84C1FEC}.Debug|Any CPU.Build.0 = Debug|Any CPU
		{8629F60B-F0FA-41BE-9107-75D0E84C1FEC}.Release|Any CPU.ActiveCfg = Release|Any CPU
		{8629F60B-F0FA-41BE-9107-75D0E84C1FEC}.Release|Any CPU.Build.0 = Release|Any CPU
		{0B1C54F2-8EBE-4F9D-849B-3DA963FCA6B6}.Debug|Any CPU.ActiveCfg = Debug|Any CPU
		{0B1C54F2-8EBE-4F9D-849B-3DA963FCA6B6}.Debug|Any CPU.Build.0 = Debug|Any CPU
		{0B1C54F2-8EBE-4F9D-849B-3DA963FCA6B6}.Release|Any CPU.ActiveCfg = Release|Any CPU
		{0B1C54F2-8EBE-4F9D-849B-3DA963FCA6B6}.Release|Any CPU.Build.0 = Release|Any CPU
		{28185C9A-EE5B-47B1-BF37-440254EE1B71}.Debug|Any CPU.ActiveCfg = Debug|Any CPU
		{28185C9A-EE5B-47B1-BF37-440254EE1B71}.Debug|Any CPU.Build.0 = Debug|Any CPU
		{28185C9A-EE5B-47B1-BF37-440254EE1B71}.Release|Any CPU.ActiveCfg = Release|Any CPU
		{28185C9A-EE5B-47B1-BF37-440254EE1B71}.Release|Any CPU.Build.0 = Release|Any CPU
		{D3CFF0DC-C9BF-43CE-B573-9AD67E5F75A0}.Debug|Any CPU.ActiveCfg = Debug|Any CPU
		{D3CFF0DC-C9BF-43CE-B573-9AD67E5F75A0}.Debug|Any CPU.Build.0 = Debug|Any CPU
		{D3CFF0DC-C9BF-43CE-B573-9AD67E5F75A0}.Release|Any CPU.ActiveCfg = Release|Any CPU
		{D3CFF0DC-C9BF-43CE-B573-9AD67E5F75A0}.Release|Any CPU.Build.0 = Release|Any CPU
		{C611A9CC-A9EB-443B-A750-D0E87E8A51EC}.Debug|Any CPU.ActiveCfg = Debug|Any CPU
		{C611A9CC-A9EB-443B-A750-D0E87E8A51EC}.Debug|Any CPU.Build.0 = Debug|Any CPU
		{C611A9CC-A9EB-443B-A750-D0E87E8A51EC}.Release|Any CPU.ActiveCfg = Release|Any CPU
		{C611A9CC-A9EB-443B-A750-D0E87E8A51EC}.Release|Any CPU.Build.0 = Release|Any CPU
		{1E1951F7-92A5-4731-83B8-FF64B5B8FDFD}.Debug|Any CPU.ActiveCfg = Debug|Any CPU
		{1E1951F7-92A5-4731-83B8-FF64B5B8FDFD}.Debug|Any CPU.Build.0 = Debug|Any CPU
		{1E1951F7-92A5-4731-83B8-FF64B5B8FDFD}.Release|Any CPU.ActiveCfg = Release|Any CPU
		{1E1951F7-92A5-4731-83B8-FF64B5B8FDFD}.Release|Any CPU.Build.0 = Release|Any CPU
	EndGlobalSection
	GlobalSection(SolutionProperties) = preSolution
		HideSolutionNode = FALSE
	EndGlobalSection
	GlobalSection(NestedProjects) = preSolution
		{D2C644DC-9E3E-41BF-8473-F11C1CB6237A} = {0109CBCB-36D8-4624-8A86-98CF3042CED8}
		{9FF8B1A8-6EF0-411D-9109-D65BA05EABA1} = {D2C644DC-9E3E-41BF-8473-F11C1CB6237A}
		{D0DF9941-0258-47FD-9FD3-973AF84A04C0} = {0109CBCB-36D8-4624-8A86-98CF3042CED8}
		{E660C2A0-63BB-4373-9BE5-9442629C5AFE} = {D0DF9941-0258-47FD-9FD3-973AF84A04C0}
		{A0D735D7-F2F0-4859-A715-01CAFEB36A23} = {0109CBCB-36D8-4624-8A86-98CF3042CED8}
		{A2CD36CA-AFBE-450A-A392-63CD066B3C8A} = {A0D735D7-F2F0-4859-A715-01CAFEB36A23}
		{3816B950-22C6-47EE-AB0D-2EB7716FCED0} = {0109CBCB-36D8-4624-8A86-98CF3042CED8}
		{A93B357D-E884-4C4C-B8B7-C3E23CAA6D46} = {3816B950-22C6-47EE-AB0D-2EB7716FCED0}
		{431C0F33-D539-4CAC-97D2-7EE6AA8DFC81} = {0109CBCB-36D8-4624-8A86-98CF3042CED8}
		{8629F60B-F0FA-41BE-9107-75D0E84C1FEC} = {431C0F33-D539-4CAC-97D2-7EE6AA8DFC81}
		{0B1C54F2-8EBE-4F9D-849B-3DA963FCA6B6} = {431C0F33-D539-4CAC-97D2-7EE6AA8DFC81}
		{2B44EB6D-416A-46AD-8700-E4A8A5405895} = {0109CBCB-36D8-4624-8A86-98CF3042CED8}
		{28185C9A-EE5B-47B1-BF37-440254EE1B71} = {2B44EB6D-416A-46AD-8700-E4A8A5405895}
		{D3CFF0DC-C9BF-43CE-B573-9AD67E5F75A0} = {2B44EB6D-416A-46AD-8700-E4A8A5405895}
		{C611A9CC-A9EB-443B-A750-D0E87E8A51EC} = {D0DF9941-0258-47FD-9FD3-973AF84A04C0}
		{1E1951F7-92A5-4731-83B8-FF64B5B8FDFD} = {D0DF9941-0258-47FD-9FD3-973AF84A04C0}
	EndGlobalSection
	GlobalSection(ExtensibilityGlobals) = postSolution
		SolutionGuid = {9E0D4515-ED9C-4B50-9128-B8CDBB834188}
	EndGlobalSection
EndGlobal
